// !$*UTF8*$!
{
	archiveVersion = 1;
	classes = {
	};
	objectVersion = 50;
	objects = {

/* Begin PBXBuildFile section */
		F3373660228D7A6700B1C139 /* AppDelegate.m in Sources */ = {isa = PBXBuildFile; fileRef = F337365F228D7A6700B1C139 /* AppDelegate.m */; };
		F3373666228D7A6700B1C139 /* Main.storyboard in Resources */ = {isa = PBXBuildFile; fileRef = F3373664228D7A6700B1C139 /* Main.storyboard */; };
		F3373668228D7A6800B1C139 /* Assets.xcassets in Resources */ = {isa = PBXBuildFile; fileRef = F3373667228D7A6800B1C139 /* Assets.xcassets */; };
		F337366B228D7A6800B1C139 /* LaunchScreen.storyboard in Resources */ = {isa = PBXBuildFile; fileRef = F3373669228D7A6800B1C139 /* LaunchScreen.storyboard */; };
		F337366E228D7A6800B1C139 /* main.m in Sources */ = {isa = PBXBuildFile; fileRef = F337366D228D7A6800B1C139 /* main.m */; };
		F3373676228D7F9C00B1C139 /* MainViewController.m in Sources */ = {isa = PBXBuildFile; fileRef = F3373675228D7F9C00B1C139 /* MainViewController.m */; };
		F3373679228D88CC00B1C139 /* LoginViewController.m in Sources */ = {isa = PBXBuildFile; fileRef = F3373678228D88CC00B1C139 /* LoginViewController.m */; };
/* End PBXBuildFile section */

/* Begin PBXFileReference section */
		F337365B228D7A6700B1C139 /* 通知.app */ = {isa = PBXFileReference; explicitFileType = wrapper.application; includeInIndex = 0; path = "通知.app"; sourceTree = BUILT_PRODUCTS_DIR; };
		F337365E228D7A6700B1C139 /* AppDelegate.h */ = {isa = PBXFileReference; lastKnownFileType = sourcecode.c.h; path = AppDelegate.h; sourceTree = "<group>"; };
		F337365F228D7A6700B1C139 /* AppDelegate.m */ = {isa = PBXFileReference; lastKnownFileType = sourcecode.c.objc; path = AppDelegate.m; sourceTree = "<group>"; };
		F3373665228D7A6700B1C139 /* Base */ = {isa = PBXFileReference; lastKnownFileType = file.storyboard; name = Base; path = Base.lproj/Main.storyboard; sourceTree = "<group>"; };
		F3373667228D7A6800B1C139 /* Assets.xcassets */ = {isa = PBXFileReference; lastKnownFileType = folder.assetcatalog; path = Assets.xcassets; sourceTree = "<group>"; };
		F337366A228D7A6800B1C139 /* Base */ = {isa = PBXFileReference; lastKnownFileType = file.storyboard; name = Base; path = Base.lproj/LaunchScreen.storyboard; sourceTree = "<group>"; };
		F337366C228D7A6800B1C139 /* Info.plist */ = {isa = PBXFileReference; lastKnownFileType = text.plist.xml; path = Info.plist; sourceTree = "<group>"; };
		F337366D228D7A6800B1C139 /* main.m */ = {isa = PBXFileReference; lastKnownFileType = sourcecode.c.objc; path = main.m; sourceTree = "<group>"; };
		F3373674228D7F9C00B1C139 /* MainViewController.h */ = {isa = PBXFileReference; lastKnownFileType = sourcecode.c.h; path = MainViewController.h; sourceTree = "<group>"; };
		F3373675228D7F9C00B1C139 /* MainViewController.m */ = {isa = PBXFileReference; lastKnownFileType = sourcecode.c.objc; path = MainViewController.m; sourceTree = "<group>"; };
		F3373677228D88CC00B1C139 /* LoginViewController.h */ = {isa = PBXFileReference; lastKnownFileType = sourcecode.c.h; path = LoginViewController.h; sourceTree = "<group>"; };
		F3373678228D88CC00B1C139 /* LoginViewController.m */ = {isa = PBXFileReference; lastKnownFileType = sourcecode.c.objc; path = LoginViewController.m; sourceTree = "<group>"; };
/* End PBXFileReference section */

/* Begin PBXFrameworksBuildPhase section */
		F3373658228D7A6700B1C139 /* Frameworks */ = {
			isa = PBXFrameworksBuildPhase;
			buildActionMask = 2147483647;
			files = (
			);
			runOnlyForDeploymentPostprocessing = 0;
		};
/* End PBXFrameworksBuildPhase section */

/* Begin PBXGroup section */
		F3373652228D7A6700B1C139 = {
			isa = PBXGroup;
			children = (
				F337365D228D7A6700B1C139 /* 通知 */,
				F337365C228D7A6700B1C139 /* Products */,
			);
			sourceTree = "<group>";
		};
		F337365C228D7A6700B1C139 /* Products */ = {
			isa = PBXGroup;
			children = (
				F337365B228D7A6700B1C139 /* 通知.app */,
			);
			name = Products;
			sourceTree = "<group>";
		};
		F337365D228D7A6700B1C139 /* 通知 */ = {
			isa = PBXGroup;
			children = (
				F337365E228D7A6700B1C139 /* AppDelegate.h */,
				F337365F228D7A6700B1C139 /* AppDelegate.m */,
				F3373664228D7A6700B1C139 /* Main.storyboard */,
				F3373677228D88CC00B1C139 /* LoginViewController.h */,
				F3373678228D88CC00B1C139 /* LoginViewController.m */,
				F3373674228D7F9C00B1C139 /* MainViewController.h */,
				F3373675228D7F9C00B1C139 /* MainViewController.m */,
				F3373667228D7A6800B1C139 /* Assets.xcassets */,
				F3373669228D7A6800B1C139 /* LaunchScreen.storyboard */,
				F337366C228D7A6800B1C139 /* Info.plist */,
				F337366D228D7A6800B1C139 /* main.m */,
			);
			path = "通知";
			sourceTree = "<group>";
		};
/* End PBXGroup section */

/* Begin PBXNativeTarget section */
		F337365A228D7A6700B1C139 /* 通知 */ = {
			isa = PBXNativeTarget;
			buildConfigurationList = F3373671228D7A6800B1C139 /* Build configuration list for PBXNativeTarget "通知" */;
			buildPhases = (
				F3373657228D7A6700B1C139 /* Sources */,
				F3373658228D7A6700B1C139 /* Frameworks */,
				F3373659228D7A6700B1C139 /* Resources */,
			);
			buildRules = (
			);
			dependencies = (
			);
			name = "通知";
			productName = "通知";
			productReference = F337365B228D7A6700B1C139 /* 通知.app */;
			productType = "com.apple.product-type.application";
		};
/* End PBXNativeTarget section */

/* Begin PBXProject section */
		F3373653228D7A6700B1C139 /* Project object */ = {
			isa = PBXProject;
			attributes = {
				LastUpgradeCheck = 1020;
				ORGANIZATIONNAME = "王晨旭";
				TargetAttributes = {
					F337365A228D7A6700B1C139 = {
						CreatedOnToolsVersion = 10.2.1;
					};
				};
			};
			buildConfigurationList = F3373656228D7A6700B1C139 /* Build configuration list for PBXProject "通知" */;
			compatibilityVersion = "Xcode 9.3";
			developmentRegion = en;
			hasScannedForEncodings = 0;
			knownRegions = (
				en,
				Base,
			);
			mainGroup = F3373652228D7A6700B1C139;
			productRefGroup = F337365C228D7A6700B1C139 /* Products */;
			projectDirPath = "";
			projectRoot = "";
			targets = (
				F337365A228D7A6700B1C139 /* 通知 */,
			);
		};
/* End PBXProject section */

/* Begin PBXResourcesBuildPhase section */
		F3373659228D7A6700B1C139 /* Resources */ = {
			isa = PBXResourcesBuildPhase;
			buildActionMask = 2147483647;
			files = (
				F337366B228D7A6800B1C139 /* LaunchScreen.storyboard in Resources */,
				F3373668228D7A6800B1C139 /* Assets.xcassets in Resources */,
				F3373666228D7A6700B1C139 /* Main.storyboard in Resources */,
			);
			runOnlyForDeploymentPostprocessing = 0;
		};
/* End PBXResourcesBuildPhase section */

/* Begin PBXSourcesBuildPhase section */
		F3373657228D7A6700B1C139 /* Sources */ = {
			isa = PBXSourcesBuildPhase;
			buildActionMask = 2147483647;
			files = (
				F337366E228D7A6800B1C139 /* main.m in Sources */,
				F3373660228D7A6700B1C139 /* AppDelegate.m in Sources */,
				F3373676228D7F9C00B1C139 /* MainViewController.m in Sources */,
				F3373679228D88CC00B1C139 /* LoginViewController.m in Sources */,
			);
			runOnlyForDeploymentPostprocessing = 0;
		};
/* End PBXSourcesBuildPhase section */

/* Begin PBXVariantGroup section */
		F3373664228D7A6700B1C139 /* Main.storyboard */ = {
			isa = PBXVariantGroup;
			children = (
				F3373665228D7A6700B1C139 /* Base */,
			);
			name = Main.storyboard;
			sourceTree = "<group>";
		};
		F3373669228D7A6800B1C139 /* LaunchScreen.storyboard */ = {
			isa = PBXVariantGroup;
			children = (
				F337366A228D7A6800B1C139 /* Base */,
			);
			name = LaunchScreen.storyboard;
			sourceTree = "<group>";
		};
/* End PBXVariantGroup section */

/* Begin XCBuildConfiguration section */
		F337366F228D7A6800B1C139 /* Debug */ = {
			isa = XCBuildConfiguration;
			buildSettings = {
				ALWAYS_SEARCH_USER_PATHS = NO;
				CLANG_ANALYZER_NONNULL = YES;
				CLANG_ANALYZER_NUMBER_OBJECT_CONVERSION = YES_AGGRESSIVE;
				CLANG_CXX_LANGUAGE_STANDARD = "gnu++14";
				CLANG_CXX_LIBRARY = "libc++";
				CLANG_ENABLE_MODULES = YES;
				CLANG_ENABLE_OBJC_ARC = YES;
				CLANG_ENABLE_OBJC_WEAK = YES;
				CLANG_WARN_BLOCK_CAPTURE_AUTORELEASING = YES;
				CLANG_WARN_BOOL_CONVERSION = YES;
				CLANG_WARN_COMMA = YES;
				CLANG_WARN_CONSTANT_CONVERSION = YES;
				CLANG_WARN_DEPRECATED_OBJC_IMPLEMENTATIONS = YES;
				CLANG_WARN_DIRECT_OBJC_ISA_USAGE = YES_ERROR;
				CLANG_WARN_DOCUMENTATION_COMMENTS = YES;
				CLANG_WARN_EMPTY_BODY = YES;
				CLANG_WARN_ENUM_CONVERSION = YES;
				CLANG_WARN_INFINITE_RECURSION = YES;
				CLANG_WARN_INT_CONVERSION = YES;
				CLANG_WARN_NON_LITERAL_NULL_CONVERSION = YES;
				CLANG_WARN_OBJC_IMPLICIT_RETAIN_SELF = YES;
				CLANG_WARN_OBJC_LITERAL_CONVERSION = YES;
				CLANG_WARN_OBJC_ROOT_CLASS = YES_ERROR;
				CLANG_WARN_RANGE_LOOP_ANALYSIS = YES;
				CLANG_WARN_STRICT_PROTOTYPES = YES;
				CLANG_WARN_SUSPICIOUS_MOVE = YES;
				CLANG_WARN_UNGUARDED_AVAILABILITY = YES_AGGRESSIVE;
				CLANG_WARN_UNREACHABLE_CODE = YES;
				CLANG_WARN__DUPLICATE_METHOD_MATCH = YES;
				CODE_SIGN_IDENTITY = "iPhone Developer";
				COPY_PHASE_STRIP = NO;
				DEBUG_INFORMATION_FORMAT = dwarf;
				ENABLE_STRICT_OBJC_MSGSEND = YES;
				ENABLE_TESTABILITY = YES;
				GCC_C_LANGUAGE_STANDARD = gnu11;
				GCC_DYNAMIC_NO_PIC = NO;
				GCC_NO_COMMON_BLOCKS = YES;
				GCC_OPTIMIZATION_LEVEL = 0;
				GCC_PREPROCESSOR_DEFINITIONS = (
					"DEBUG=1",
					"$(inherited)",
				);
				GCC_WARN_64_TO_32_BIT_CONVERSION = YES;
				GCC_WARN_ABOUT_RETURN_TYPE = YES_ERROR;
				GCC_WARN_UNDECLARED_SELECTOR = YES;
				GCC_WARN_UNINITIALIZED_AUTOS = YES_AGGRESSIVE;
				GCC_WARN_UNUSED_FUNCTION = YES;
				GCC_WARN_UNUSED_VARIABLE = YES;
				IPHONEOS_DEPLOYMENT_TARGET = 12.2;
				MTL_ENABLE_DEBUG_INFO = INCLUDE_SOURCE;
				MTL_FAST_MATH = YES;
				ONLY_ACTIVE_ARCH = YES;
				SDKROOT = iphoneos;
			};
			name = Debug;
		};
		F3373670228D7A6800B1C139 /* Release */ = {
			isa = XCBuildConfiguration;
			buildSettings = {
				ALWAYS_SEARCH_USER_PATHS = NO;
				CLANG_ANALYZER_NONNULL = YES;
				CLANG_ANALYZER_NUMBER_OBJECT_CONVERSION = YES_AGGRESSIVE;
				CLANG_CXX_LANGUAGE_STANDARD = "gnu++14";
				CLANG_CXX_LIBRARY = "libc++";
				CLANG_ENABLE_MODULES = YES;
				CLANG_ENABLE_OBJC_ARC = YES;
				CLANG_ENABLE_OBJC_WEAK = YES;
				CLANG_WARN_BLOCK_CAPTURE_AUTORELEASING = YES;
				CLANG_WARN_BOOL_CONVERSION = YES;
				CLANG_WARN_COMMA = YES;
				CLANG_WARN_CONSTANT_CONVERSION = YES;
				CLANG_WARN_DEPRECATED_OBJC_IMPLEMENTATIONS = YES;
				CLANG_WARN_DIRECT_OBJC_ISA_USAGE = YES_ERROR;
				CLANG_WARN_DOCUMENTATION_COMMENTS = YES;
				CLANG_WARN_EMPTY_BODY = YES;
				CLANG_WARN_ENUM_CONVERSION = YES;
				CLANG_WARN_INFINITE_RECURSION = YES;
				CLANG_WARN_INT_CONVERSION = YES;
				CLANG_WARN_NON_LITERAL_NULL_CONVERSION = YES;
				CLANG_WARN_OBJC_IMPLICIT_RETAIN_SELF = YES;
				CLANG_WARN_OBJC_LITERAL_CONVERSION = YES;
				CLANG_WARN_OBJC_ROOT_CLASS = YES_ERROR;
				CLANG_WARN_RANGE_LOOP_ANALYSIS = YES;
				CLANG_WARN_STRICT_PROTOTYPES = YES;
				CLANG_WARN_SUSPICIOUS_MOVE = YES;
				CLANG_WARN_UNGUARDED_AVAILABILITY = YES_AGGRESSIVE;
				CLANG_WARN_UNREACHABLE_CODE = YES;
				CLANG_WARN__DUPLICATE_METHOD_MATCH = YES;
				CODE_SIGN_IDENTITY = "iPhone Developer";
				COPY_PHASE_STRIP = NO;
				DEBUG_INFORMATION_FORMAT = "dwarf-with-dsym";
				ENABLE_NS_ASSERTIONS = NO;
				ENABLE_STRICT_OBJC_MSGSEND = YES;
				GCC_C_LANGUAGE_STANDARD = gnu11;
				GCC_NO_COMMON_BLOCKS = YES;
				GCC_WARN_64_TO_32_BIT_CONVERSION = YES;
				GCC_WARN_ABOUT_RETURN_TYPE = YES_ERROR;
				GCC_WARN_UNDECLARED_SELECTOR = YES;
				GCC_WARN_UNINITIALIZED_AUTOS = YES_AGGRESSIVE;
				GCC_WARN_UNUSED_FUNCTION = YES;
				GCC_WARN_UNUSED_VARIABLE = YES;
				IPHONEOS_DEPLOYMENT_TARGET = 12.2;
				MTL_ENABLE_DEBUG_INFO = NO;
				MTL_FAST_MATH = YES;
				SDKROOT = iphoneos;
				VALIDATE_PRODUCT = YES;
			};
			name = Release;
		};
		F3373672228D7A6800B1C139 /* Debug */ = {
			isa = XCBuildConfiguration;
			buildSettings = {
				ASSETCATALOG_COMPILER_APPICON_NAME = AppIcon;
				CODE_SIGN_STYLE = Automatic;
				INFOPLIST_FILE = "通知/Info.plist";
				LD_RUNPATH_SEARCH_PATHS = (
					"$(inherited)",
					"@executable_path/Frameworks",
				);
				PRODUCT_BUNDLE_IDENTIFIER = "cn.zucc.--";
				PRODUCT_NAME = "$(TARGET_NAME)";
				TARGETED_DEVICE_FAMILY = "1,2";
			};
			name = Debug;
		};
		F3373673228D7A6800B1C139 /* Release */ = {
			isa = XCBuildConfiguration;
			buildSettings = {
				ASSETCATALOG_COMPILER_APPICON_NAME = AppIcon;
				CODE_SIGN_STYLE = Automatic;
				INFOPLIST_FILE = "通知/Info.plist";
				LD_RUNPATH_SEARCH_PATHS = (
					"$(inherited)",
					"@executable_path/Frameworks",
				);
				PRODUCT_BUNDLE_IDENTIFIER = "cn.zucc.--";
				PRODUCT_NAME = "$(TARGET_NAME)";
				TARGETED_DEVICE_FAMILY = "1,2";
			};
			name = Release;
		};
/* End XCBuildConfiguration section */

/* Begin XCConfigurationList section */
		F3373656228D7A6700B1C139 /* Build configuration list for PBXProject "通知" */ = {
			isa = XCConfigurationList;
			buildConfigurations = (
				F337366F228D7A6800B1C139 /* Debug */,
				F3373670228D7A6800B1C139 /* Release */,
			);
			defaultConfigurationIsVisible = 0;
			defaultConfigurationName = Release;
		};
		F3373671228D7A6800B1C139 /* Build configuration list for PBXNativeTarget "通知" */ = {
			isa = XCConfigurationList;
			buildConfigurations = (
				F3373672228D7A6800B1C139 /* Debug */,
				F3373673228D7A6800B1C139 /* Release */,
			);
			defaultConfigurationIsVisible = 0;
			defaultConfigurationName = Release;
		};
/* End XCConfigurationList section */
	};
	rootObject = F3373653228D7A6700B1C139 /* Project object */;
}
