// !$*UTF8*$!
{
	archiveVersion = 1;
	classes = {
	};
	objectVersion = 46;
	objects = {

/* Begin PBXBuildFile section */
		3C74E8FA1CE8A3C0007AE148 /* main.m in Sources */ = {isa = PBXBuildFile; fileRef = 3C74E8F91CE8A3C0007AE148 /* main.m */; };
		3C74E8FD1CE8A3C0007AE148 /* AppDelegate.m in Sources */ = {isa = PBXBuildFile; fileRef = 3C74E8FC1CE8A3C0007AE148 /* AppDelegate.m */; };
		3C74E9001CE8A3C0007AE148 /* ViewController.m in Sources */ = {isa = PBXBuildFile; fileRef = 3C74E8FF1CE8A3C0007AE148 /* ViewController.m */; };
		3C74E9031CE8A3C0007AE148 /* Main.storyboard in Resources */ = {isa = PBXBuildFile; fileRef = 3C74E9011CE8A3C0007AE148 /* Main.storyboard */; };
		3C74E9051CE8A3C0007AE148 /* Assets.xcassets in Resources */ = {isa = PBXBuildFile; fileRef = 3C74E9041CE8A3C0007AE148 /* Assets.xcassets */; };
		3C74E9081CE8A3C0007AE148 /* LaunchScreen.storyboard in Resources */ = {isa = PBXBuildFile; fileRef = 3C74E9061CE8A3C0007AE148 /* LaunchScreen.storyboard */; };
		3C74E9111CE8A4ED007AE148 /* Flag.m in Sources */ = {isa = PBXBuildFile; fileRef = 3C74E9101CE8A4ED007AE148 /* Flag.m */; };
		3C74E9131CE8A708007AE148 /* flags.plist in Resources */ = {isa = PBXBuildFile; fileRef = 3C74E9121CE8A708007AE148 /* flags.plist */; };
		3C74E9151CE8A83E007AE148 /* FlagView.xib in Resources */ = {isa = PBXBuildFile; fileRef = 3C74E9141CE8A83E007AE148 /* FlagView.xib */; };
		3C74E9171CE8A9FC007AE148 /* flag in Resources */ = {isa = PBXBuildFile; fileRef = 3C74E9161CE8A9FC007AE148 /* flag */; };
/* End PBXBuildFile section */

/* Begin PBXFileReference section */
		3C74E8F51CE8A3C0007AE148 /* 2-15 国旗选择.app */ = {isa = PBXFileReference; explicitFileType = wrapper.application; includeInIndex = 0; path = "2-15 国旗选择.app"; sourceTree = BUILT_PRODUCTS_DIR; };
		3C74E8F91CE8A3C0007AE148 /* main.m */ = {isa = PBXFileReference; lastKnownFileType = sourcecode.c.objc; path = main.m; sourceTree = "<group>"; };
		3C74E8FB1CE8A3C0007AE148 /* AppDelegate.h */ = {isa = PBXFileReference; lastKnownFileType = sourcecode.c.h; path = AppDelegate.h; sourceTree = "<group>"; };
		3C74E8FC1CE8A3C0007AE148 /* AppDelegate.m */ = {isa = PBXFileReference; lastKnownFileType = sourcecode.c.objc; path = AppDelegate.m; sourceTree = "<group>"; };
		3C74E8FE1CE8A3C0007AE148 /* ViewController.h */ = {isa = PBXFileReference; lastKnownFileType = sourcecode.c.h; path = ViewController.h; sourceTree = "<group>"; };
		3C74E8FF1CE8A3C0007AE148 /* ViewController.m */ = {isa = PBXFileReference; lastKnownFileType = sourcecode.c.objc; path = ViewController.m; sourceTree = "<group>"; };
		3C74E9021CE8A3C0007AE148 /* Base */ = {isa = PBXFileReference; lastKnownFileType = file.storyboard; name = Base; path = Base.lproj/Main.storyboard; sourceTree = "<group>"; };
		3C74E9041CE8A3C0007AE148 /* Assets.xcassets */ = {isa = PBXFileReference; lastKnownFileType = folder.assetcatalog; path = Assets.xcassets; sourceTree = "<group>"; };
		3C74E9071CE8A3C0007AE148 /* Base */ = {isa = PBXFileReference; lastKnownFileType = file.storyboard; name = Base; path = Base.lproj/LaunchScreen.storyboard; sourceTree = "<group>"; };
		3C74E9091CE8A3C0007AE148 /* Info.plist */ = {isa = PBXFileReference; lastKnownFileType = text.plist.xml; path = Info.plist; sourceTree = "<group>"; };
		3C74E90F1CE8A4ED007AE148 /* Flag.h */ = {isa = PBXFileReference; fileEncoding = 4; lastKnownFileType = sourcecode.c.h; path = Flag.h; sourceTree = "<group>"; };
		3C74E9101CE8A4ED007AE148 /* Flag.m */ = {isa = PBXFileReference; fileEncoding = 4; lastKnownFileType = sourcecode.c.objc; path = Flag.m; sourceTree = "<group>"; };
		3C74E9121CE8A708007AE148 /* flags.plist */ = {isa = PBXFileReference; fileEncoding = 4; lastKnownFileType = text.plist.xml; path = flags.plist; sourceTree = "<group>"; };
		3C74E9141CE8A83E007AE148 /* FlagView.xib */ = {isa = PBXFileReference; fileEncoding = 4; lastKnownFileType = file.xib; path = FlagView.xib; sourceTree = "<group>"; };
		3C74E9161CE8A9FC007AE148 /* flag */ = {isa = PBXFileReference; lastKnownFileType = folder; path = flag; sourceTree = "<group>"; };
/* End PBXFileReference section */

/* Begin PBXFrameworksBuildPhase section */
		3C74E8F21CE8A3C0007AE148 /* Frameworks */ = {
			isa = PBXFrameworksBuildPhase;
			buildActionMask = 2147483647;
			files = (
			);
			runOnlyForDeploymentPostprocessing = 0;
		};
/* End PBXFrameworksBuildPhase section */

/* Begin PBXGroup section */
		3C74E8EC1CE8A3C0007AE148 = {
			isa = PBXGroup;
			children = (
				3C74E8F71CE8A3C0007AE148 /* 2-15 国旗选择 */,
				3C74E8F61CE8A3C0007AE148 /* Products */,
			);
			sourceTree = "<group>";
		};
		3C74E8F61CE8A3C0007AE148 /* Products */ = {
			isa = PBXGroup;
			children = (
				3C74E8F51CE8A3C0007AE148 /* 2-15 国旗选择.app */,
			);
			name = Products;
			sourceTree = "<group>";
		};
		3C74E8F71CE8A3C0007AE148 /* 2-15 国旗选择 */ = {
			isa = PBXGroup;
			children = (
				3C74E8FB1CE8A3C0007AE148 /* AppDelegate.h */,
				3C74E8FC1CE8A3C0007AE148 /* AppDelegate.m */,
				3C74E8FE1CE8A3C0007AE148 /* ViewController.h */,
				3C74E8FF1CE8A3C0007AE148 /* ViewController.m */,
				3C74E9011CE8A3C0007AE148 /* Main.storyboard */,
				3C74E90F1CE8A4ED007AE148 /* Flag.h */,
				3C74E9101CE8A4ED007AE148 /* Flag.m */,
				3C74E9141CE8A83E007AE148 /* FlagView.xib */,
				3C74E9041CE8A3C0007AE148 /* Assets.xcassets */,
				3C74E9061CE8A3C0007AE148 /* LaunchScreen.storyboard */,
				3C74E9121CE8A708007AE148 /* flags.plist */,
				3C74E9091CE8A3C0007AE148 /* Info.plist */,
				3C74E8F81CE8A3C0007AE148 /* Supporting Files */,
			);
			path = "2-15 国旗选择";
			sourceTree = "<group>";
		};
		3C74E8F81CE8A3C0007AE148 /* Supporting Files */ = {
			isa = PBXGroup;
			children = (
				3C74E9161CE8A9FC007AE148 /* flag */,
				3C74E8F91CE8A3C0007AE148 /* main.m */,
			);
			name = "Supporting Files";
			sourceTree = "<group>";
		};
/* End PBXGroup section */

/* Begin PBXNativeTarget section */
		3C74E8F41CE8A3C0007AE148 /* 2-15 国旗选择 */ = {
			isa = PBXNativeTarget;
			buildConfigurationList = 3C74E90C1CE8A3C0007AE148 /* Build configuration list for PBXNativeTarget "2-15 国旗选择" */;
			buildPhases = (
				3C74E8F11CE8A3C0007AE148 /* Sources */,
				3C74E8F21CE8A3C0007AE148 /* Frameworks */,
				3C74E8F31CE8A3C0007AE148 /* Resources */,
			);
			buildRules = (
			);
			dependencies = (
			);
			name = "2-15 国旗选择";
			productName = "2-15 国旗选择";
			productReference = 3C74E8F51CE8A3C0007AE148 /* 2-15 国旗选择.app */;
			productType = "com.apple.product-type.application";
		};
/* End PBXNativeTarget section */

/* Begin PBXProject section */
		3C74E8ED1CE8A3C0007AE148 /* Project object */ = {
			isa = PBXProject;
			attributes = {
				LastUpgradeCheck = 0730;
				ORGANIZATIONNAME = zucc;
				TargetAttributes = {
					3C74E8F41CE8A3C0007AE148 = {
						CreatedOnToolsVersion = 7.3;
						DevelopmentTeam = CJCR5A7KXS;
					};
				};
			};
			buildConfigurationList = 3C74E8F01CE8A3C0007AE148 /* Build configuration list for PBXProject "2-15 国旗选择" */;
			compatibilityVersion = "Xcode 3.2";
			developmentRegion = English;
			hasScannedForEncodings = 0;
			knownRegions = (
				en,
				Base,
			);
			mainGroup = 3C74E8EC1CE8A3C0007AE148;
			productRefGroup = 3C74E8F61CE8A3C0007AE148 /* Products */;
			projectDirPath = "";
			projectRoot = "";
			targets = (
				3C74E8F41CE8A3C0007AE148 /* 2-15 国旗选择 */,
			);
		};
/* End PBXProject section */

/* Begin PBXResourcesBuildPhase section */
		3C74E8F31CE8A3C0007AE148 /* Resources */ = {
			isa = PBXResourcesBuildPhase;
			buildActionMask = 2147483647;
			files = (
				3C74E9171CE8A9FC007AE148 /* flag in Resources */,
				3C74E9081CE8A3C0007AE148 /* LaunchScreen.storyboard in Resources */,
				3C74E9051CE8A3C0007AE148 /* Assets.xcassets in Resources */,
				3C74E9151CE8A83E007AE148 /* FlagView.xib in Resources */,
				3C74E9131CE8A708007AE148 /* flags.plist in Resources */,
				3C74E9031CE8A3C0007AE148 /* Main.storyboard in Resources */,
			);
			runOnlyForDeploymentPostprocessing = 0;
		};
/* End PBXResourcesBuildPhase section */

/* Begin PBXSourcesBuildPhase section */
		3C74E8F11CE8A3C0007AE148 /* Sources */ = {
			isa = PBXSourcesBuildPhase;
			buildActionMask = 2147483647;
			files = (
				3C74E9001CE8A3C0007AE148 /* ViewController.m in Sources */,
				3C74E8FD1CE8A3C0007AE148 /* AppDelegate.m in Sources */,
				3C74E8FA1CE8A3C0007AE148 /* main.m in Sources */,
				3C74E9111CE8A4ED007AE148 /* Flag.m in Sources */,
			);
			runOnlyForDeploymentPostprocessing = 0;
		};
/* End PBXSourcesBuildPhase section */

/* Begin PBXVariantGroup section */
		3C74E9011CE8A3C0007AE148 /* Main.storyboard */ = {
			isa = PBXVariantGroup;
			children = (
				3C74E9021CE8A3C0007AE148 /* Base */,
			);
			name = Main.storyboard;
			sourceTree = "<group>";
		};
		3C74E9061CE8A3C0007AE148 /* LaunchScreen.storyboard */ = {
			isa = PBXVariantGroup;
			children = (
				3C74E9071CE8A3C0007AE148 /* Base */,
			);
			name = LaunchScreen.storyboard;
			sourceTree = "<group>";
		};
/* End PBXVariantGroup section */

/* Begin XCBuildConfiguration section */
		3C74E90A1CE8A3C0007AE148 /* Debug */ = {
			isa = XCBuildConfiguration;
			buildSettings = {
				ALWAYS_SEARCH_USER_PATHS = NO;
				CLANG_ANALYZER_NONNULL = YES;
				CLANG_CXX_LANGUAGE_STANDARD = "gnu++0x";
				CLANG_CXX_LIBRARY = "libc++";
				CLANG_ENABLE_MODULES = YES;
				CLANG_ENABLE_OBJC_ARC = YES;
				CLANG_WARN_BOOL_CONVERSION = YES;
				CLANG_WARN_CONSTANT_CONVERSION = YES;
				CLANG_WARN_DIRECT_OBJC_ISA_USAGE = YES_ERROR;
				CLANG_WARN_EMPTY_BODY = YES;
				CLANG_WARN_ENUM_CONVERSION = YES;
				CLANG_WARN_INT_CONVERSION = YES;
				CLANG_WARN_OBJC_ROOT_CLASS = YES_ERROR;
				CLANG_WARN_UNREACHABLE_CODE = YES;
				CLANG_WARN__DUPLICATE_METHOD_MATCH = YES;
				"CODE_SIGN_IDENTITY[sdk=iphoneos*]" = "iPhone Developer";
				COPY_PHASE_STRIP = NO;
				DEBUG_INFORMATION_FORMAT = dwarf;
				ENABLE_STRICT_OBJC_MSGSEND = YES;
				ENABLE_TESTABILITY = YES;
				GCC_C_LANGUAGE_STANDARD = gnu99;
				GCC_DYNAMIC_NO_PIC = NO;
				GCC_NO_COMMON_BLOCKS = YES;
				GCC_OPTIMIZATION_LEVEL = 0;
				GCC_PREPROCESSOR_DEFINITIONS = (
					"DEBUG=1",
					"$(inherited)",
				);
				GCC_WARN_64_TO_32_BIT_CONVERSION = YES;
				GCC_WARN_ABOUT_RETURN_TYPE = YES_ERROR;
				GCC_WARN_UNDECLARED_SELECTOR = YES;
				GCC_WARN_UNINITIALIZED_AUTOS = YES_AGGRESSIVE;
				GCC_WARN_UNUSED_FUNCTION = YES;
				GCC_WARN_UNUSED_VARIABLE = YES;
				IPHONEOS_DEPLOYMENT_TARGET = 9.3;
				MTL_ENABLE_DEBUG_INFO = YES;
				ONLY_ACTIVE_ARCH = YES;
				SDKROOT = iphoneos;
			};
			name = Debug;
		};
		3C74E90B1CE8A3C0007AE148 /* Release */ = {
			isa = XCBuildConfiguration;
			buildSettings = {
				ALWAYS_SEARCH_USER_PATHS = NO;
				CLANG_ANALYZER_NONNULL = YES;
				CLANG_CXX_LANGUAGE_STANDARD = "gnu++0x";
				CLANG_CXX_LIBRARY = "libc++";
				CLANG_ENABLE_MODULES = YES;
				CLANG_ENABLE_OBJC_ARC = YES;
				CLANG_WARN_BOOL_CONVERSION = YES;
				CLANG_WARN_CONSTANT_CONVERSION = YES;
				CLANG_WARN_DIRECT_OBJC_ISA_USAGE = YES_ERROR;
				CLANG_WARN_EMPTY_BODY = YES;
				CLANG_WARN_ENUM_CONVERSION = YES;
				CLANG_WARN_INT_CONVERSION = YES;
				CLANG_WARN_OBJC_ROOT_CLASS = YES_ERROR;
				CLANG_WARN_UNREACHABLE_CODE = YES;
				CLANG_WARN__DUPLICATE_METHOD_MATCH = YES;
				"CODE_SIGN_IDENTITY[sdk=iphoneos*]" = "iPhone Developer";
				COPY_PHASE_STRIP = NO;
				DEBUG_INFORMATION_FORMAT = "dwarf-with-dsym";
				ENABLE_NS_ASSERTIONS = NO;
				ENABLE_STRICT_OBJC_MSGSEND = YES;
				GCC_C_LANGUAGE_STANDARD = gnu99;
				GCC_NO_COMMON_BLOCKS = YES;
				GCC_WARN_64_TO_32_BIT_CONVERSION = YES;
				GCC_WARN_ABOUT_RETURN_TYPE = YES_ERROR;
				GCC_WARN_UNDECLARED_SELECTOR = YES;
				GCC_WARN_UNINITIALIZED_AUTOS = YES_AGGRESSIVE;
				GCC_WARN_UNUSED_FUNCTION = YES;
				GCC_WARN_UNUSED_VARIABLE = YES;
				IPHONEOS_DEPLOYMENT_TARGET = 9.3;
				MTL_ENABLE_DEBUG_INFO = NO;
				SDKROOT = iphoneos;
				VALIDATE_PRODUCT = YES;
			};
			name = Release;
		};
		3C74E90D1CE8A3C0007AE148 /* Debug */ = {
			isa = XCBuildConfiguration;
			buildSettings = {
				ASSETCATALOG_COMPILER_APPICON_NAME = AppIcon;
				INFOPLIST_FILE = "2-15 国旗选择/Info.plist";
				LD_RUNPATH_SEARCH_PATHS = "$(inherited) @executable_path/Frameworks";
				PRODUCT_BUNDLE_IDENTIFIER = "cn.zucc.--15-----";
				PRODUCT_NAME = "$(TARGET_NAME)";
			};
			name = Debug;
		};
		3C74E90E1CE8A3C0007AE148 /* Release */ = {
			isa = XCBuildConfiguration;
			buildSettings = {
				ASSETCATALOG_COMPILER_APPICON_NAME = AppIcon;
				INFOPLIST_FILE = "2-15 国旗选择/Info.plist";
				LD_RUNPATH_SEARCH_PATHS = "$(inherited) @executable_path/Frameworks";
				PRODUCT_BUNDLE_IDENTIFIER = "cn.zucc.--15-----";
				PRODUCT_NAME = "$(TARGET_NAME)";
			};
			name = Release;
		};
/* End XCBuildConfiguration section */

/* Begin XCConfigurationList section */
		3C74E8F01CE8A3C0007AE148 /* Build configuration list for PBXProject "2-15 国旗选择" */ = {
			isa = XCConfigurationList;
			buildConfigurations = (
				3C74E90A1CE8A3C0007AE148 /* Debug */,
				3C74E90B1CE8A3C0007AE148 /* Release */,
			);
			defaultConfigurationIsVisible = 0;
			defaultConfigurationName = Release;
		};
		3C74E90C1CE8A3C0007AE148 /* Build configuration list for PBXNativeTarget "2-15 国旗选择" */ = {
			isa = XCConfigurationList;
			buildConfigurations = (
				3C74E90D1CE8A3C0007AE148 /* Debug */,
				3C74E90E1CE8A3C0007AE148 /* Release */,
			);
			defaultConfigurationIsVisible = 0;
		};
/* End XCConfigurationList section */
	};
	rootObject = 3C74E8ED1CE8A3C0007AE148 /* Project object */;
}
