// !$*UTF8*$!
{
	archiveVersion = 1;
	classes = {
	};
	objectVersion = 50;
	objects = {

/* Begin PBXBuildFile section */
		F3373622228BF90D00B1C139 /* AppDelegate.m in Sources */ = {isa = PBXBuildFile; fileRef = F3373621228BF90D00B1C139 /* AppDelegate.m */; };
		F3373625228BF90D00B1C139 /* ViewController.m in Sources */ = {isa = PBXBuildFile; fileRef = F3373624228BF90D00B1C139 /* ViewController.m */; };
		F3373628228BF90D00B1C139 /* Main.storyboard in Resources */ = {isa = PBXBuildFile; fileRef = F3373626228BF90D00B1C139 /* Main.storyboard */; };
		F337362A228BF90F00B1C139 /* Assets.xcassets in Resources */ = {isa = PBXBuildFile; fileRef = F3373629228BF90F00B1C139 /* Assets.xcassets */; };
		F337362D228BF90F00B1C139 /* LaunchScreen.storyboard in Resources */ = {isa = PBXBuildFile; fileRef = F337362B228BF90F00B1C139 /* LaunchScreen.storyboard */; };
		F3373630228BF90F00B1C139 /* main.m in Sources */ = {isa = PBXBuildFile; fileRef = F337362F228BF90F00B1C139 /* main.m */; };
		F3373638228BFC6800B1C139 /* Movie.m in Sources */ = {isa = PBXBuildFile; fileRef = F3373637228BFC6800B1C139 /* Movie.m */; };
/* End PBXBuildFile section */

/* Begin PBXFileReference section */
		F337361D228BF90D00B1C139 /* 更改价格.app */ = {isa = PBXFileReference; explicitFileType = wrapper.application; includeInIndex = 0; path = "更改价格.app"; sourceTree = BUILT_PRODUCTS_DIR; };
		F3373620228BF90D00B1C139 /* AppDelegate.h */ = {isa = PBXFileReference; lastKnownFileType = sourcecode.c.h; path = AppDelegate.h; sourceTree = "<group>"; };
		F3373621228BF90D00B1C139 /* AppDelegate.m */ = {isa = PBXFileReference; lastKnownFileType = sourcecode.c.objc; path = AppDelegate.m; sourceTree = "<group>"; };
		F3373623228BF90D00B1C139 /* ViewController.h */ = {isa = PBXFileReference; lastKnownFileType = sourcecode.c.h; path = ViewController.h; sourceTree = "<group>"; };
		F3373624228BF90D00B1C139 /* ViewController.m */ = {isa = PBXFileReference; lastKnownFileType = sourcecode.c.objc; path = ViewController.m; sourceTree = "<group>"; };
		F3373627228BF90D00B1C139 /* Base */ = {isa = PBXFileReference; lastKnownFileType = file.storyboard; name = Base; path = Base.lproj/Main.storyboard; sourceTree = "<group>"; };
		F3373629228BF90F00B1C139 /* Assets.xcassets */ = {isa = PBXFileReference; lastKnownFileType = folder.assetcatalog; path = Assets.xcassets; sourceTree = "<group>"; };
		F337362C228BF90F00B1C139 /* Base */ = {isa = PBXFileReference; lastKnownFileType = file.storyboard; name = Base; path = Base.lproj/LaunchScreen.storyboard; sourceTree = "<group>"; };
		F337362E228BF90F00B1C139 /* Info.plist */ = {isa = PBXFileReference; lastKnownFileType = text.plist.xml; path = Info.plist; sourceTree = "<group>"; };
		F337362F228BF90F00B1C139 /* main.m */ = {isa = PBXFileReference; lastKnownFileType = sourcecode.c.objc; path = main.m; sourceTree = "<group>"; };
		F3373636228BFC6800B1C139 /* Movie.h */ = {isa = PBXFileReference; fileEncoding = 4; lastKnownFileType = sourcecode.c.h; path = Movie.h; sourceTree = "<group>"; };
		F3373637228BFC6800B1C139 /* Movie.m */ = {isa = PBXFileReference; fileEncoding = 4; lastKnownFileType = sourcecode.c.objc; path = Movie.m; sourceTree = "<group>"; };
/* End PBXFileReference section */

/* Begin PBXFrameworksBuildPhase section */
		F337361A228BF90D00B1C139 /* Frameworks */ = {
			isa = PBXFrameworksBuildPhase;
			buildActionMask = 2147483647;
			files = (
			);
			runOnlyForDeploymentPostprocessing = 0;
		};
/* End PBXFrameworksBuildPhase section */

/* Begin PBXGroup section */
		F3373614228BF90D00B1C139 = {
			isa = PBXGroup;
			children = (
				F337361F228BF90D00B1C139 /* 更改价格 */,
				F337361E228BF90D00B1C139 /* Products */,
			);
			sourceTree = "<group>";
		};
		F337361E228BF90D00B1C139 /* Products */ = {
			isa = PBXGroup;
			children = (
				F337361D228BF90D00B1C139 /* 更改价格.app */,
			);
			name = Products;
			sourceTree = "<group>";
		};
		F337361F228BF90D00B1C139 /* 更改价格 */ = {
			isa = PBXGroup;
			children = (
				F3373636228BFC6800B1C139 /* Movie.h */,
				F3373637228BFC6800B1C139 /* Movie.m */,
				F3373620228BF90D00B1C139 /* AppDelegate.h */,
				F3373621228BF90D00B1C139 /* AppDelegate.m */,
				F3373623228BF90D00B1C139 /* ViewController.h */,
				F3373624228BF90D00B1C139 /* ViewController.m */,
				F3373626228BF90D00B1C139 /* Main.storyboard */,
				F3373629228BF90F00B1C139 /* Assets.xcassets */,
				F337362B228BF90F00B1C139 /* LaunchScreen.storyboard */,
				F337362E228BF90F00B1C139 /* Info.plist */,
				F337362F228BF90F00B1C139 /* main.m */,
			);
			path = "更改价格";
			sourceTree = "<group>";
		};
/* End PBXGroup section */

/* Begin PBXNativeTarget section */
		F337361C228BF90D00B1C139 /* 更改价格 */ = {
			isa = PBXNativeTarget;
			buildConfigurationList = F3373633228BF90F00B1C139 /* Build configuration list for PBXNativeTarget "更改价格" */;
			buildPhases = (
				F3373619228BF90D00B1C139 /* Sources */,
				F337361A228BF90D00B1C139 /* Frameworks */,
				F337361B228BF90D00B1C139 /* Resources */,
			);
			buildRules = (
			);
			dependencies = (
			);
			name = "更改价格";
			productName = "更改价格";
			productReference = F337361D228BF90D00B1C139 /* 更改价格.app */;
			productType = "com.apple.product-type.application";
		};
/* End PBXNativeTarget section */

/* Begin PBXProject section */
		F3373615228BF90D00B1C139 /* Project object */ = {
			isa = PBXProject;
			attributes = {
				LastUpgradeCheck = 1020;
				ORGANIZATIONNAME = "王晨旭";
				TargetAttributes = {
					F337361C228BF90D00B1C139 = {
						CreatedOnToolsVersion = 10.2.1;
					};
				};
			};
			buildConfigurationList = F3373618228BF90D00B1C139 /* Build configuration list for PBXProject "更改价格" */;
			compatibilityVersion = "Xcode 9.3";
			developmentRegion = en;
			hasScannedForEncodings = 0;
			knownRegions = (
				en,
				Base,
			);
			mainGroup = F3373614228BF90D00B1C139;
			productRefGroup = F337361E228BF90D00B1C139 /* Products */;
			projectDirPath = "";
			projectRoot = "";
			targets = (
				F337361C228BF90D00B1C139 /* 更改价格 */,
			);
		};
/* End PBXProject section */

/* Begin PBXResourcesBuildPhase section */
		F337361B228BF90D00B1C139 /* Resources */ = {
			isa = PBXResourcesBuildPhase;
			buildActionMask = 2147483647;
			files = (
				F337362D228BF90F00B1C139 /* LaunchScreen.storyboard in Resources */,
				F337362A228BF90F00B1C139 /* Assets.xcassets in Resources */,
				F3373628228BF90D00B1C139 /* Main.storyboard in Resources */,
			);
			runOnlyForDeploymentPostprocessing = 0;
		};
/* End PBXResourcesBuildPhase section */

/* Begin PBXSourcesBuildPhase section */
		F3373619228BF90D00B1C139 /* Sources */ = {
			isa = PBXSourcesBuildPhase;
			buildActionMask = 2147483647;
			files = (
				F3373625228BF90D00B1C139 /* ViewController.m in Sources */,
				F3373630228BF90F00B1C139 /* main.m in Sources */,
				F3373638228BFC6800B1C139 /* Movie.m in Sources */,
				F3373622228BF90D00B1C139 /* AppDelegate.m in Sources */,
			);
			runOnlyForDeploymentPostprocessing = 0;
		};
/* End PBXSourcesBuildPhase section */

/* Begin PBXVariantGroup section */
		F3373626228BF90D00B1C139 /* Main.storyboard */ = {
			isa = PBXVariantGroup;
			children = (
				F3373627228BF90D00B1C139 /* Base */,
			);
			name = Main.storyboard;
			sourceTree = "<group>";
		};
		F337362B228BF90F00B1C139 /* LaunchScreen.storyboard */ = {
			isa = PBXVariantGroup;
			children = (
				F337362C228BF90F00B1C139 /* Base */,
			);
			name = LaunchScreen.storyboard;
			sourceTree = "<group>";
		};
/* End PBXVariantGroup section */

/* Begin XCBuildConfiguration section */
		F3373631228BF90F00B1C139 /* Debug */ = {
			isa = XCBuildConfiguration;
			buildSettings = {
				ALWAYS_SEARCH_USER_PATHS = NO;
				CLANG_ANALYZER_NONNULL = YES;
				CLANG_ANALYZER_NUMBER_OBJECT_CONVERSION = YES_AGGRESSIVE;
				CLANG_CXX_LANGUAGE_STANDARD = "gnu++14";
				CLANG_CXX_LIBRARY = "libc++";
				CLANG_ENABLE_MODULES = YES;
				CLANG_ENABLE_OBJC_ARC = YES;
				CLANG_ENABLE_OBJC_WEAK = YES;
				CLANG_WARN_BLOCK_CAPTURE_AUTORELEASING = YES;
				CLANG_WARN_BOOL_CONVERSION = YES;
				CLANG_WARN_COMMA = YES;
				CLANG_WARN_CONSTANT_CONVERSION = YES;
				CLANG_WARN_DEPRECATED_OBJC_IMPLEMENTATIONS = YES;
				CLANG_WARN_DIRECT_OBJC_ISA_USAGE = YES_ERROR;
				CLANG_WARN_DOCUMENTATION_COMMENTS = YES;
				CLANG_WARN_EMPTY_BODY = YES;
				CLANG_WARN_ENUM_CONVERSION = YES;
				CLANG_WARN_INFINITE_RECURSION = YES;
				CLANG_WARN_INT_CONVERSION = YES;
				CLANG_WARN_NON_LITERAL_NULL_CONVERSION = YES;
				CLANG_WARN_OBJC_IMPLICIT_RETAIN_SELF = YES;
				CLANG_WARN_OBJC_LITERAL_CONVERSION = YES;
				CLANG_WARN_OBJC_ROOT_CLASS = YES_ERROR;
				CLANG_WARN_RANGE_LOOP_ANALYSIS = YES;
				CLANG_WARN_STRICT_PROTOTYPES = YES;
				CLANG_WARN_SUSPICIOUS_MOVE = YES;
				CLANG_WARN_UNGUARDED_AVAILABILITY = YES_AGGRESSIVE;
				CLANG_WARN_UNREACHABLE_CODE = YES;
				CLANG_WARN__DUPLICATE_METHOD_MATCH = YES;
				CODE_SIGN_IDENTITY = "iPhone Developer";
				COPY_PHASE_STRIP = NO;
				DEBUG_INFORMATION_FORMAT = dwarf;
				ENABLE_STRICT_OBJC_MSGSEND = YES;
				ENABLE_TESTABILITY = YES;
				GCC_C_LANGUAGE_STANDARD = gnu11;
				GCC_DYNAMIC_NO_PIC = NO;
				GCC_NO_COMMON_BLOCKS = YES;
				GCC_OPTIMIZATION_LEVEL = 0;
				GCC_PREPROCESSOR_DEFINITIONS = (
					"DEBUG=1",
					"$(inherited)",
				);
				GCC_WARN_64_TO_32_BIT_CONVERSION = YES;
				GCC_WARN_ABOUT_RETURN_TYPE = YES_ERROR;
				GCC_WARN_UNDECLARED_SELECTOR = YES;
				GCC_WARN_UNINITIALIZED_AUTOS = YES_AGGRESSIVE;
				GCC_WARN_UNUSED_FUNCTION = YES;
				GCC_WARN_UNUSED_VARIABLE = YES;
				IPHONEOS_DEPLOYMENT_TARGET = 12.2;
				MTL_ENABLE_DEBUG_INFO = INCLUDE_SOURCE;
				MTL_FAST_MATH = YES;
				ONLY_ACTIVE_ARCH = YES;
				SDKROOT = iphoneos;
			};
			name = Debug;
		};
		F3373632228BF90F00B1C139 /* Release */ = {
			isa = XCBuildConfiguration;
			buildSettings = {
				ALWAYS_SEARCH_USER_PATHS = NO;
				CLANG_ANALYZER_NONNULL = YES;
				CLANG_ANALYZER_NUMBER_OBJECT_CONVERSION = YES_AGGRESSIVE;
				CLANG_CXX_LANGUAGE_STANDARD = "gnu++14";
				CLANG_CXX_LIBRARY = "libc++";
				CLANG_ENABLE_MODULES = YES;
				CLANG_ENABLE_OBJC_ARC = YES;
				CLANG_ENABLE_OBJC_WEAK = YES;
				CLANG_WARN_BLOCK_CAPTURE_AUTORELEASING = YES;
				CLANG_WARN_BOOL_CONVERSION = YES;
				CLANG_WARN_COMMA = YES;
				CLANG_WARN_CONSTANT_CONVERSION = YES;
				CLANG_WARN_DEPRECATED_OBJC_IMPLEMENTATIONS = YES;
				CLANG_WARN_DIRECT_OBJC_ISA_USAGE = YES_ERROR;
				CLANG_WARN_DOCUMENTATION_COMMENTS = YES;
				CLANG_WARN_EMPTY_BODY = YES;
				CLANG_WARN_ENUM_CONVERSION = YES;
				CLANG_WARN_INFINITE_RECURSION = YES;
				CLANG_WARN_INT_CONVERSION = YES;
				CLANG_WARN_NON_LITERAL_NULL_CONVERSION = YES;
				CLANG_WARN_OBJC_IMPLICIT_RETAIN_SELF = YES;
				CLANG_WARN_OBJC_LITERAL_CONVERSION = YES;
				CLANG_WARN_OBJC_ROOT_CLASS = YES_ERROR;
				CLANG_WARN_RANGE_LOOP_ANALYSIS = YES;
				CLANG_WARN_STRICT_PROTOTYPES = YES;
				CLANG_WARN_SUSPICIOUS_MOVE = YES;
				CLANG_WARN_UNGUARDED_AVAILABILITY = YES_AGGRESSIVE;
				CLANG_WARN_UNREACHABLE_CODE = YES;
				CLANG_WARN__DUPLICATE_METHOD_MATCH = YES;
				CODE_SIGN_IDENTITY = "iPhone Developer";
				COPY_PHASE_STRIP = NO;
				DEBUG_INFORMATION_FORMAT = "dwarf-with-dsym";
				ENABLE_NS_ASSERTIONS = NO;
				ENABLE_STRICT_OBJC_MSGSEND = YES;
				GCC_C_LANGUAGE_STANDARD = gnu11;
				GCC_NO_COMMON_BLOCKS = YES;
				GCC_WARN_64_TO_32_BIT_CONVERSION = YES;
				GCC_WARN_ABOUT_RETURN_TYPE = YES_ERROR;
				GCC_WARN_UNDECLARED_SELECTOR = YES;
				GCC_WARN_UNINITIALIZED_AUTOS = YES_AGGRESSIVE;
				GCC_WARN_UNUSED_FUNCTION = YES;
				GCC_WARN_UNUSED_VARIABLE = YES;
				IPHONEOS_DEPLOYMENT_TARGET = 12.2;
				MTL_ENABLE_DEBUG_INFO = NO;
				MTL_FAST_MATH = YES;
				SDKROOT = iphoneos;
				VALIDATE_PRODUCT = YES;
			};
			name = Release;
		};
		F3373634228BF90F00B1C139 /* Debug */ = {
			isa = XCBuildConfiguration;
			buildSettings = {
				ASSETCATALOG_COMPILER_APPICON_NAME = AppIcon;
				CODE_SIGN_STYLE = Automatic;
				INFOPLIST_FILE = "更改价格/Info.plist";
				LD_RUNPATH_SEARCH_PATHS = (
					"$(inherited)",
					"@executable_path/Frameworks",
				);
				PRODUCT_BUNDLE_IDENTIFIER = "cn.zucc.----";
				PRODUCT_NAME = "$(TARGET_NAME)";
				TARGETED_DEVICE_FAMILY = "1,2";
			};
			name = Debug;
		};
		F3373635228BF90F00B1C139 /* Release */ = {
			isa = XCBuildConfiguration;
			buildSettings = {
				ASSETCATALOG_COMPILER_APPICON_NAME = AppIcon;
				CODE_SIGN_STYLE = Automatic;
				INFOPLIST_FILE = "更改价格/Info.plist";
				LD_RUNPATH_SEARCH_PATHS = (
					"$(inherited)",
					"@executable_path/Frameworks",
				);
				PRODUCT_BUNDLE_IDENTIFIER = "cn.zucc.----";
				PRODUCT_NAME = "$(TARGET_NAME)";
				TARGETED_DEVICE_FAMILY = "1,2";
			};
			name = Release;
		};
/* End XCBuildConfiguration section */

/* Begin XCConfigurationList section */
		F3373618228BF90D00B1C139 /* Build configuration list for PBXProject "更改价格" */ = {
			isa = XCConfigurationList;
			buildConfigurations = (
				F3373631228BF90F00B1C139 /* Debug */,
				F3373632228BF90F00B1C139 /* Release */,
			);
			defaultConfigurationIsVisible = 0;
			defaultConfigurationName = Release;
		};
		F3373633228BF90F00B1C139 /* Build configuration list for PBXNativeTarget "更改价格" */ = {
			isa = XCConfigurationList;
			buildConfigurations = (
				F3373634228BF90F00B1C139 /* Debug */,
				F3373635228BF90F00B1C139 /* Release */,
			);
			defaultConfigurationIsVisible = 0;
			defaultConfigurationName = Release;
		};
/* End XCConfigurationList section */
	};
	rootObject = F3373615228BF90D00B1C139 /* Project object */;
}
