// !$*UTF8*$!
{
	archiveVersion = 1;
	classes = {
	};
	objectVersion = 50;
	objects = {

/* Begin PBXBuildFile section */
		F33C9880227AE2910068EE38 /* AppDelegate.m in Sources */ = {isa = PBXBuildFile; fileRef = F33C987F227AE2910068EE38 /* AppDelegate.m */; };
		F33C9883227AE2910068EE38 /* ViewController.m in Sources */ = {isa = PBXBuildFile; fileRef = F33C9882227AE2910068EE38 /* ViewController.m */; };
		F33C9886227AE2910068EE38 /* Main.storyboard in Resources */ = {isa = PBXBuildFile; fileRef = F33C9884227AE2910068EE38 /* Main.storyboard */; };
		F33C9888227AE2920068EE38 /* Assets.xcassets in Resources */ = {isa = PBXBuildFile; fileRef = F33C9887227AE2920068EE38 /* Assets.xcassets */; };
		F33C988B227AE2920068EE38 /* LaunchScreen.storyboard in Resources */ = {isa = PBXBuildFile; fileRef = F33C9889227AE2920068EE38 /* LaunchScreen.storyboard */; };
		F33C988E227AE2930068EE38 /* main.m in Sources */ = {isa = PBXBuildFile; fileRef = F33C988D227AE2930068EE38 /* main.m */; };
		F33C9896227AE3B50068EE38 /* Car.m in Sources */ = {isa = PBXBuildFile; fileRef = F33C9895227AE3B50068EE38 /* Car.m */; };
		F33C9899227AE4580068EE38 /* CarGroup.m in Sources */ = {isa = PBXBuildFile; fileRef = F33C9898227AE4580068EE38 /* CarGroup.m */; };
		F33C989B227AE82E0068EE38 /* cars_total.plist in Resources */ = {isa = PBXBuildFile; fileRef = F33C989A227AE82D0068EE38 /* cars_total.plist */; };
/* End PBXBuildFile section */

/* Begin PBXFileReference section */
		F33C987B227AE2910068EE38 /* qcpp.app */ = {isa = PBXFileReference; explicitFileType = wrapper.application; includeInIndex = 0; path = qcpp.app; sourceTree = BUILT_PRODUCTS_DIR; };
		F33C987E227AE2910068EE38 /* AppDelegate.h */ = {isa = PBXFileReference; lastKnownFileType = sourcecode.c.h; path = AppDelegate.h; sourceTree = "<group>"; };
		F33C987F227AE2910068EE38 /* AppDelegate.m */ = {isa = PBXFileReference; lastKnownFileType = sourcecode.c.objc; path = AppDelegate.m; sourceTree = "<group>"; };
		F33C9881227AE2910068EE38 /* ViewController.h */ = {isa = PBXFileReference; lastKnownFileType = sourcecode.c.h; path = ViewController.h; sourceTree = "<group>"; };
		F33C9882227AE2910068EE38 /* ViewController.m */ = {isa = PBXFileReference; lastKnownFileType = sourcecode.c.objc; path = ViewController.m; sourceTree = "<group>"; };
		F33C9885227AE2910068EE38 /* Base */ = {isa = PBXFileReference; lastKnownFileType = file.storyboard; name = Base; path = Base.lproj/Main.storyboard; sourceTree = "<group>"; };
		F33C9887227AE2920068EE38 /* Assets.xcassets */ = {isa = PBXFileReference; lastKnownFileType = folder.assetcatalog; path = Assets.xcassets; sourceTree = "<group>"; };
		F33C988A227AE2920068EE38 /* Base */ = {isa = PBXFileReference; lastKnownFileType = file.storyboard; name = Base; path = Base.lproj/LaunchScreen.storyboard; sourceTree = "<group>"; };
		F33C988C227AE2920068EE38 /* Info.plist */ = {isa = PBXFileReference; lastKnownFileType = text.plist.xml; path = Info.plist; sourceTree = "<group>"; };
		F33C988D227AE2930068EE38 /* main.m */ = {isa = PBXFileReference; lastKnownFileType = sourcecode.c.objc; path = main.m; sourceTree = "<group>"; };
		F33C9894227AE3B50068EE38 /* Car.h */ = {isa = PBXFileReference; lastKnownFileType = sourcecode.c.h; path = Car.h; sourceTree = "<group>"; };
		F33C9895227AE3B50068EE38 /* Car.m */ = {isa = PBXFileReference; lastKnownFileType = sourcecode.c.objc; path = Car.m; sourceTree = "<group>"; };
		F33C9897227AE4580068EE38 /* CarGroup.h */ = {isa = PBXFileReference; lastKnownFileType = sourcecode.c.h; path = CarGroup.h; sourceTree = "<group>"; };
		F33C9898227AE4580068EE38 /* CarGroup.m */ = {isa = PBXFileReference; lastKnownFileType = sourcecode.c.objc; path = CarGroup.m; sourceTree = "<group>"; };
		F33C989A227AE82D0068EE38 /* cars_total.plist */ = {isa = PBXFileReference; fileEncoding = 4; lastKnownFileType = text.plist.xml; path = cars_total.plist; sourceTree = "<group>"; };
/* End PBXFileReference section */

/* Begin PBXFrameworksBuildPhase section */
		F33C9878227AE2910068EE38 /* Frameworks */ = {
			isa = PBXFrameworksBuildPhase;
			buildActionMask = 2147483647;
			files = (
			);
			runOnlyForDeploymentPostprocessing = 0;
		};
/* End PBXFrameworksBuildPhase section */

/* Begin PBXGroup section */
		F33C9872227AE2910068EE38 = {
			isa = PBXGroup;
			children = (
				F33C987D227AE2910068EE38 /* qcpp */,
				F33C987C227AE2910068EE38 /* Products */,
			);
			sourceTree = "<group>";
		};
		F33C987C227AE2910068EE38 /* Products */ = {
			isa = PBXGroup;
			children = (
				F33C987B227AE2910068EE38 /* qcpp.app */,
			);
			name = Products;
			sourceTree = "<group>";
		};
		F33C987D227AE2910068EE38 /* qcpp */ = {
			isa = PBXGroup;
			children = (
				F33C987E227AE2910068EE38 /* AppDelegate.h */,
				F33C9894227AE3B50068EE38 /* Car.h */,
				F33C9895227AE3B50068EE38 /* Car.m */,
				F33C9897227AE4580068EE38 /* CarGroup.h */,
				F33C9898227AE4580068EE38 /* CarGroup.m */,
				F33C987F227AE2910068EE38 /* AppDelegate.m */,
				F33C9881227AE2910068EE38 /* ViewController.h */,
				F33C9882227AE2910068EE38 /* ViewController.m */,
				F33C9884227AE2910068EE38 /* Main.storyboard */,
				F33C9887227AE2920068EE38 /* Assets.xcassets */,
				F33C989A227AE82D0068EE38 /* cars_total.plist */,
				F33C9889227AE2920068EE38 /* LaunchScreen.storyboard */,
				F33C988C227AE2920068EE38 /* Info.plist */,
				F33C988D227AE2930068EE38 /* main.m */,
			);
			path = qcpp;
			sourceTree = "<group>";
		};
/* End PBXGroup section */

/* Begin PBXNativeTarget section */
		F33C987A227AE2910068EE38 /* qcpp */ = {
			isa = PBXNativeTarget;
			buildConfigurationList = F33C9891227AE2930068EE38 /* Build configuration list for PBXNativeTarget "qcpp" */;
			buildPhases = (
				F33C9877227AE2910068EE38 /* Sources */,
				F33C9878227AE2910068EE38 /* Frameworks */,
				F33C9879227AE2910068EE38 /* Resources */,
			);
			buildRules = (
			);
			dependencies = (
			);
			name = qcpp;
			productName = qcpp;
			productReference = F33C987B227AE2910068EE38 /* qcpp.app */;
			productType = "com.apple.product-type.application";
		};
/* End PBXNativeTarget section */

/* Begin PBXProject section */
		F33C9873227AE2910068EE38 /* Project object */ = {
			isa = PBXProject;
			attributes = {
				LastUpgradeCheck = 1010;
				ORGANIZATIONNAME = "王晨旭";
				TargetAttributes = {
					F33C987A227AE2910068EE38 = {
						CreatedOnToolsVersion = 10.1;
					};
				};
			};
			buildConfigurationList = F33C9876227AE2910068EE38 /* Build configuration list for PBXProject "qcpp" */;
			compatibilityVersion = "Xcode 9.3";
			developmentRegion = en;
			hasScannedForEncodings = 0;
			knownRegions = (
				en,
				Base,
			);
			mainGroup = F33C9872227AE2910068EE38;
			productRefGroup = F33C987C227AE2910068EE38 /* Products */;
			projectDirPath = "";
			projectRoot = "";
			targets = (
				F33C987A227AE2910068EE38 /* qcpp */,
			);
		};
/* End PBXProject section */

/* Begin PBXResourcesBuildPhase section */
		F33C9879227AE2910068EE38 /* Resources */ = {
			isa = PBXResourcesBuildPhase;
			buildActionMask = 2147483647;
			files = (
				F33C988B227AE2920068EE38 /* LaunchScreen.storyboard in Resources */,
				F33C9888227AE2920068EE38 /* Assets.xcassets in Resources */,
				F33C989B227AE82E0068EE38 /* cars_total.plist in Resources */,
				F33C9886227AE2910068EE38 /* Main.storyboard in Resources */,
			);
			runOnlyForDeploymentPostprocessing = 0;
		};
/* End PBXResourcesBuildPhase section */

/* Begin PBXSourcesBuildPhase section */
		F33C9877227AE2910068EE38 /* Sources */ = {
			isa = PBXSourcesBuildPhase;
			buildActionMask = 2147483647;
			files = (
				F33C9883227AE2910068EE38 /* ViewController.m in Sources */,
				F33C988E227AE2930068EE38 /* main.m in Sources */,
				F33C9899227AE4580068EE38 /* CarGroup.m in Sources */,
				F33C9896227AE3B50068EE38 /* Car.m in Sources */,
				F33C9880227AE2910068EE38 /* AppDelegate.m in Sources */,
			);
			runOnlyForDeploymentPostprocessing = 0;
		};
/* End PBXSourcesBuildPhase section */

/* Begin PBXVariantGroup section */
		F33C9884227AE2910068EE38 /* Main.storyboard */ = {
			isa = PBXVariantGroup;
			children = (
				F33C9885227AE2910068EE38 /* Base */,
			);
			name = Main.storyboard;
			sourceTree = "<group>";
		};
		F33C9889227AE2920068EE38 /* LaunchScreen.storyboard */ = {
			isa = PBXVariantGroup;
			children = (
				F33C988A227AE2920068EE38 /* Base */,
			);
			name = LaunchScreen.storyboard;
			sourceTree = "<group>";
		};
/* End PBXVariantGroup section */

/* Begin XCBuildConfiguration section */
		F33C988F227AE2930068EE38 /* Debug */ = {
			isa = XCBuildConfiguration;
			buildSettings = {
				ALWAYS_SEARCH_USER_PATHS = NO;
				CLANG_ANALYZER_NONNULL = YES;
				CLANG_ANALYZER_NUMBER_OBJECT_CONVERSION = YES_AGGRESSIVE;
				CLANG_CXX_LANGUAGE_STANDARD = "gnu++14";
				CLANG_CXX_LIBRARY = "libc++";
				CLANG_ENABLE_MODULES = YES;
				CLANG_ENABLE_OBJC_ARC = YES;
				CLANG_ENABLE_OBJC_WEAK = YES;
				CLANG_WARN_BLOCK_CAPTURE_AUTORELEASING = YES;
				CLANG_WARN_BOOL_CONVERSION = YES;
				CLANG_WARN_COMMA = YES;
				CLANG_WARN_CONSTANT_CONVERSION = YES;
				CLANG_WARN_DEPRECATED_OBJC_IMPLEMENTATIONS = YES;
				CLANG_WARN_DIRECT_OBJC_ISA_USAGE = YES_ERROR;
				CLANG_WARN_DOCUMENTATION_COMMENTS = YES;
				CLANG_WARN_EMPTY_BODY = YES;
				CLANG_WARN_ENUM_CONVERSION = YES;
				CLANG_WARN_INFINITE_RECURSION = YES;
				CLANG_WARN_INT_CONVERSION = YES;
				CLANG_WARN_NON_LITERAL_NULL_CONVERSION = YES;
				CLANG_WARN_OBJC_IMPLICIT_RETAIN_SELF = YES;
				CLANG_WARN_OBJC_LITERAL_CONVERSION = YES;
				CLANG_WARN_OBJC_ROOT_CLASS = YES_ERROR;
				CLANG_WARN_RANGE_LOOP_ANALYSIS = YES;
				CLANG_WARN_STRICT_PROTOTYPES = YES;
				CLANG_WARN_SUSPICIOUS_MOVE = YES;
				CLANG_WARN_UNGUARDED_AVAILABILITY = YES_AGGRESSIVE;
				CLANG_WARN_UNREACHABLE_CODE = YES;
				CLANG_WARN__DUPLICATE_METHOD_MATCH = YES;
				CODE_SIGN_IDENTITY = "iPhone Developer";
				COPY_PHASE_STRIP = NO;
				DEBUG_INFORMATION_FORMAT = dwarf;
				ENABLE_STRICT_OBJC_MSGSEND = YES;
				ENABLE_TESTABILITY = YES;
				GCC_C_LANGUAGE_STANDARD = gnu11;
				GCC_DYNAMIC_NO_PIC = NO;
				GCC_NO_COMMON_BLOCKS = YES;
				GCC_OPTIMIZATION_LEVEL = 0;
				GCC_PREPROCESSOR_DEFINITIONS = (
					"DEBUG=1",
					"$(inherited)",
				);
				GCC_WARN_64_TO_32_BIT_CONVERSION = YES;
				GCC_WARN_ABOUT_RETURN_TYPE = YES_ERROR;
				GCC_WARN_UNDECLARED_SELECTOR = YES;
				GCC_WARN_UNINITIALIZED_AUTOS = YES_AGGRESSIVE;
				GCC_WARN_UNUSED_FUNCTION = YES;
				GCC_WARN_UNUSED_VARIABLE = YES;
				IPHONEOS_DEPLOYMENT_TARGET = 12.1;
				MTL_ENABLE_DEBUG_INFO = INCLUDE_SOURCE;
				MTL_FAST_MATH = YES;
				ONLY_ACTIVE_ARCH = YES;
				SDKROOT = iphoneos;
			};
			name = Debug;
		};
		F33C9890227AE2930068EE38 /* Release */ = {
			isa = XCBuildConfiguration;
			buildSettings = {
				ALWAYS_SEARCH_USER_PATHS = NO;
				CLANG_ANALYZER_NONNULL = YES;
				CLANG_ANALYZER_NUMBER_OBJECT_CONVERSION = YES_AGGRESSIVE;
				CLANG_CXX_LANGUAGE_STANDARD = "gnu++14";
				CLANG_CXX_LIBRARY = "libc++";
				CLANG_ENABLE_MODULES = YES;
				CLANG_ENABLE_OBJC_ARC = YES;
				CLANG_ENABLE_OBJC_WEAK = YES;
				CLANG_WARN_BLOCK_CAPTURE_AUTORELEASING = YES;
				CLANG_WARN_BOOL_CONVERSION = YES;
				CLANG_WARN_COMMA = YES;
				CLANG_WARN_CONSTANT_CONVERSION = YES;
				CLANG_WARN_DEPRECATED_OBJC_IMPLEMENTATIONS = YES;
				CLANG_WARN_DIRECT_OBJC_ISA_USAGE = YES_ERROR;
				CLANG_WARN_DOCUMENTATION_COMMENTS = YES;
				CLANG_WARN_EMPTY_BODY = YES;
				CLANG_WARN_ENUM_CONVERSION = YES;
				CLANG_WARN_INFINITE_RECURSION = YES;
				CLANG_WARN_INT_CONVERSION = YES;
				CLANG_WARN_NON_LITERAL_NULL_CONVERSION = YES;
				CLANG_WARN_OBJC_IMPLICIT_RETAIN_SELF = YES;
				CLANG_WARN_OBJC_LITERAL_CONVERSION = YES;
				CLANG_WARN_OBJC_ROOT_CLASS = YES_ERROR;
				CLANG_WARN_RANGE_LOOP_ANALYSIS = YES;
				CLANG_WARN_STRICT_PROTOTYPES = YES;
				CLANG_WARN_SUSPICIOUS_MOVE = YES;
				CLANG_WARN_UNGUARDED_AVAILABILITY = YES_AGGRESSIVE;
				CLANG_WARN_UNREACHABLE_CODE = YES;
				CLANG_WARN__DUPLICATE_METHOD_MATCH = YES;
				CODE_SIGN_IDENTITY = "iPhone Developer";
				COPY_PHASE_STRIP = NO;
				DEBUG_INFORMATION_FORMAT = "dwarf-with-dsym";
				ENABLE_NS_ASSERTIONS = NO;
				ENABLE_STRICT_OBJC_MSGSEND = YES;
				GCC_C_LANGUAGE_STANDARD = gnu11;
				GCC_NO_COMMON_BLOCKS = YES;
				GCC_WARN_64_TO_32_BIT_CONVERSION = YES;
				GCC_WARN_ABOUT_RETURN_TYPE = YES_ERROR;
				GCC_WARN_UNDECLARED_SELECTOR = YES;
				GCC_WARN_UNINITIALIZED_AUTOS = YES_AGGRESSIVE;
				GCC_WARN_UNUSED_FUNCTION = YES;
				GCC_WARN_UNUSED_VARIABLE = YES;
				IPHONEOS_DEPLOYMENT_TARGET = 12.1;
				MTL_ENABLE_DEBUG_INFO = NO;
				MTL_FAST_MATH = YES;
				SDKROOT = iphoneos;
				VALIDATE_PRODUCT = YES;
			};
			name = Release;
		};
		F33C9892227AE2930068EE38 /* Debug */ = {
			isa = XCBuildConfiguration;
			buildSettings = {
				ASSETCATALOG_COMPILER_APPICON_NAME = AppIcon;
				CODE_SIGN_STYLE = Automatic;
				INFOPLIST_FILE = qcpp/Info.plist;
				LD_RUNPATH_SEARCH_PATHS = (
					"$(inherited)",
					"@executable_path/Frameworks",
				);
				PRODUCT_BUNDLE_IDENTIFIER = cn.zucc.qcpp;
				PRODUCT_NAME = "$(TARGET_NAME)";
				TARGETED_DEVICE_FAMILY = "1,2";
			};
			name = Debug;
		};
		F33C9893227AE2930068EE38 /* Release */ = {
			isa = XCBuildConfiguration;
			buildSettings = {
				ASSETCATALOG_COMPILER_APPICON_NAME = AppIcon;
				CODE_SIGN_STYLE = Automatic;
				INFOPLIST_FILE = qcpp/Info.plist;
				LD_RUNPATH_SEARCH_PATHS = (
					"$(inherited)",
					"@executable_path/Frameworks",
				);
				PRODUCT_BUNDLE_IDENTIFIER = cn.zucc.qcpp;
				PRODUCT_NAME = "$(TARGET_NAME)";
				TARGETED_DEVICE_FAMILY = "1,2";
			};
			name = Release;
		};
/* End XCBuildConfiguration section */

/* Begin XCConfigurationList section */
		F33C9876227AE2910068EE38 /* Build configuration list for PBXProject "qcpp" */ = {
			isa = XCConfigurationList;
			buildConfigurations = (
				F33C988F227AE2930068EE38 /* Debug */,
				F33C9890227AE2930068EE38 /* Release */,
			);
			defaultConfigurationIsVisible = 0;
			defaultConfigurationName = Release;
		};
		F33C9891227AE2930068EE38 /* Build configuration list for PBXNativeTarget "qcpp" */ = {
			isa = XCConfigurationList;
			buildConfigurations = (
				F33C9892227AE2930068EE38 /* Debug */,
				F33C9893227AE2930068EE38 /* Release */,
			);
			defaultConfigurationIsVisible = 0;
			defaultConfigurationName = Release;
		};
/* End XCConfigurationList section */
	};
	rootObject = F33C9873227AE2910068EE38 /* Project object */;
}
